
Microsoft Visual Studio Solution File, Format Version 12.00
# Visual Studio Version 17
VisualStudioVersion = 17.3.32505.426
MinimumVisualStudioVersion = 10.0.40219.1
Project("{FAE04EC0-301F-11D3-BF4B-00C04F79EFBC}") = "ShutdownForWindows", "ShutdownForWindows\ShutdownForWindows.csproj", "{3971F68E-D67D-4FA2-B979-72EC6EA82A74}"
EndProject
Global
	GlobalSection(SolutionConfigurationPlatforms) = preSolution
		Debug|Any CPU = Debug|Any CPU
		Release|Any CPU = Release|Any CPU
	EndGlobalSection
	GlobalSection(ProjectConfigurationPlatforms) = postSolution
		{3971F68E-D67D-4FA2-B979-72EC6EA82A74}.Debug|Any CPU.ActiveCfg = Debug|Any CPU
		{3971F68E-D67D-4FA2-B979-72EC6EA82A74}.Debug|Any CPU.Build.0 = Debug|Any CPU
		{3971F68E-D67D-4FA2-B979-72EC6EA82A74}.Release|Any CPU.ActiveCfg = Release|Any CPU
		{3971F68E-D67D-4FA2-B979-72EC6EA82A74}.Release|Any CPU.Build.0 = Release|Any CPU
	EndGlobalSection
	GlobalSection(SolutionProperties) = preSolution
		HideSolutionNode = FALSE
	EndGlobalSection
	GlobalSection(ExtensibilityGlobals) = postSolution
		SolutionGuid = {24C265F0-6495-4A84-80C6-97DAB4F3123E}
	EndGlobalSection
EndGlobal
